
Microsoft Visual Studio Solution File, Format Version 12.00
# Visual Studio Version 16
VisualStudioVersion = 16.0.29215.179
MinimumVisualStudioVersion = 10.0.40219.1
Project("{FAE04EC0-301F-11D3-BF4B-00C04F79EFBC}") = "LabelMeXML-Parser", "LabelMeXML-Parser.csproj", "{F5F3400A-9FF2-4694-AEF8-65834238A490}"
EndProject
Global
	GlobalSection(SolutionConfigurationPlatforms) = preSolution
		Debug|Any CPU = Debug|Any CPU
		Release|Any CPU = Release|Any CPU
	EndGlobalSection
	GlobalSection(ProjectConfigurationPlatforms) = postSolution
		{F5F3400A-9FF2-4694-AEF8-65834238A490}.Debug|Any CPU.ActiveCfg = Debug|Any CPU
		{F5F3400A-9FF2-4694-AEF8-65834238A490}.Debug|Any CPU.Build.0 = Debug|Any CPU
		{F5F3400A-9FF2-4694-AEF8-65834238A490}.Release|Any CPU.ActiveCfg = Release|Any CPU
		{F5F3400A-9FF2-4694-AEF8-65834238A490}.Release|Any CPU.Build.0 = Release|Any CPU
	EndGlobalSection
	GlobalSection(SolutionProperties) = preSolution
		HideSolutionNode = FALSE
	EndGlobalSection
	GlobalSection(ExtensibilityGlobals) = postSolution
		SolutionGuid = {1AE899FC-F37D-44DA-A81B-D4622B86ED34}
	EndGlobalSection
EndGlobal
